
Microsoft Visual Studio Solution File, Format Version 12.00
# Visual Studio 15
VisualStudioVersion = 15.0.27130.2003
MinimumVisualStudioVersion = 10.0.40219.1
Project("{FAE04EC0-301F-11D3-BF4B-00C04F79EFBC}") = "TestPractice", "TestPractice\TestPractice.csproj", "{C7E58E76-99FE-4BCF-AB42-E7FD31BD73EA}"
EndProject
Global
	GlobalSection(SolutionConfigurationPlatforms) = preSolution
		Debug|Any CPU = Debug|Any CPU
		Release|Any CPU = Release|Any CPU
	EndGlobalSection
	GlobalSection(ProjectConfigurationPlatforms) = postSolution
		{C7E58E76-99FE-4BCF-AB42-E7FD31BD73EA}.Debug|Any CPU.ActiveCfg = Debug|Any CPU
		{C7E58E76-99FE-4BCF-AB42-E7FD31BD73EA}.Debug|Any CPU.Build.0 = Debug|Any CPU
		{C7E58E76-99FE-4BCF-AB42-E7FD31BD73EA}.Release|Any CPU.ActiveCfg = Release|Any CPU
		{C7E58E76-99FE-4BCF-AB42-E7FD31BD73EA}.Release|Any CPU.Build.0 = Release|Any CPU
	EndGlobalSection
	GlobalSection(SolutionProperties) = preSolution
		HideSolutionNode = FALSE
	EndGlobalSection
	GlobalSection(ExtensibilityGlobals) = postSolution
		SolutionGuid = {96A69CDC-7844-4E53-A973-796E645BE3E9}
	EndGlobalSection
EndGlobal
